
Microsoft Visual Studio Solution File, Format Version 12.00
# Visual Studio Version 16
VisualStudioVersion = 16.0.30907.101
MinimumVisualStudioVersion = 10.0.40219.1
Project("{FAE04EC0-301F-11D3-BF4B-00C04F79EFBC}") = "App1.Android", "App1\App1.Android\App1.Android.csproj", "{B97CC5D5-12AF-451C-8EBD-CD7F04CF19FD}"
EndProject
Project("{FAE04EC0-301F-11D3-BF4B-00C04F79EFBC}") = "App1", "App1\App1\App1.csproj", "{F92153BF-AD3E-4E11-AEB1-37A22C836762}"
EndProject
Global
	GlobalSection(SolutionConfigurationPlatforms) = preSolution
		Debug|Any CPU = Debug|Any CPU
		Release|Any CPU = Release|Any CPU
	EndGlobalSection
	GlobalSection(ProjectConfigurationPlatforms) = postSolution
		{B97CC5D5-12AF-451C-8EBD-CD7F04CF19FD}.Debug|Any CPU.ActiveCfg = Debug|Any CPU
		{B97CC5D5-12AF-451C-8EBD-CD7F04CF19FD}.Debug|Any CPU.Build.0 = Debug|Any CPU
		{B97CC5D5-12AF-451C-8EBD-CD7F04CF19FD}.Debug|Any CPU.Deploy.0 = Debug|Any CPU
		{B97CC5D5-12AF-451C-8EBD-CD7F04CF19FD}.Release|Any CPU.ActiveCfg = Release|Any CPU
		{B97CC5D5-12AF-451C-8EBD-CD7F04CF19FD}.Release|Any CPU.Build.0 = Release|Any CPU
		{B97CC5D5-12AF-451C-8EBD-CD7F04CF19FD}.Release|Any CPU.Deploy.0 = Release|Any CPU
		{F92153BF-AD3E-4E11-AEB1-37A22C836762}.Debug|Any CPU.ActiveCfg = Debug|Any CPU
		{F92153BF-AD3E-4E11-AEB1-37A22C836762}.Debug|Any CPU.Build.0 = Debug|Any CPU
		{F92153BF-AD3E-4E11-AEB1-37A22C836762}.Debug|Any CPU.Deploy.0 = Debug|Any CPU
		{F92153BF-AD3E-4E11-AEB1-37A22C836762}.Release|Any CPU.ActiveCfg = Release|Any CPU
		{F92153BF-AD3E-4E11-AEB1-37A22C836762}.Release|Any CPU.Build.0 = Release|Any CPU
		{F92153BF-AD3E-4E11-AEB1-37A22C836762}.Release|Any CPU.Deploy.0 = Release|Any CPU
	EndGlobalSection
	GlobalSection(SolutionProperties) = preSolution
		HideSolutionNode = FALSE
	EndGlobalSection
	GlobalSection(ExtensibilityGlobals) = postSolution
		SolutionGuid = {7C45F46E-2331-4DC3-9A51-F3E8A95E154E}
	EndGlobalSection
EndGlobal
