
Microsoft Visual Studio Solution File, Format Version 12.00
# Visual Studio Version 16
VisualStudioVersion = 16.0.30907.101
MinimumVisualStudioVersion = 10.0.40219.1
Project("{FAE04EC0-301F-11D3-BF4B-00C04F79EFBC}") = "App1.Android", "App1\App1.Android\App1.Android.csproj", "{B97CC5D5-12AF-451C-8EBD-CD7F04CF19FD}"
EndProject
Project("{9A19103F-16F7-4668-BE54-9A1E7A4F7556}") = "App1", "App1\App1\App1.csproj", "{F92153BF-AD3E-4E11-AEB1-37A22C836762}"
EndProject
Project("{FAE04EC0-301F-11D3-BF4B-00C04F79EFBC}") = "App.Uwp", "App.Uwp\App.Uwp.csproj", "{F7F0D1A1-6B62-423C-967D-08300BD299EF}"
EndProject
Global
	GlobalSection(SolutionConfigurationPlatforms) = preSolution
		Debug|Any CPU = Debug|Any CPU
		Debug|ARM = Debug|ARM
		Debug|ARM64 = Debug|ARM64
		Debug|x64 = Debug|x64
		Debug|x86 = Debug|x86
		Release|Any CPU = Release|Any CPU
		Release|ARM = Release|ARM
		Release|ARM64 = Release|ARM64
		Release|x64 = Release|x64
		Release|x86 = Release|x86
	EndGlobalSection
	GlobalSection(ProjectConfigurationPlatforms) = postSolution
		{B97CC5D5-12AF-451C-8EBD-CD7F04CF19FD}.Debug|Any CPU.ActiveCfg = Debug|Any CPU
		{B97CC5D5-12AF-451C-8EBD-CD7F04CF19FD}.Debug|Any CPU.Build.0 = Debug|Any CPU
		{B97CC5D5-12AF-451C-8EBD-CD7F04CF19FD}.Debug|Any CPU.Deploy.0 = Debug|Any CPU
		{B97CC5D5-12AF-451C-8EBD-CD7F04CF19FD}.Debug|ARM.ActiveCfg = Debug|Any CPU
		{B97CC5D5-12AF-451C-8EBD-CD7F04CF19FD}.Debug|ARM.Build.0 = Debug|Any CPU
		{B97CC5D5-12AF-451C-8EBD-CD7F04CF19FD}.Debug|ARM.Deploy.0 = Debug|Any CPU
		{B97CC5D5-12AF-451C-8EBD-CD7F04CF19FD}.Debug|ARM64.ActiveCfg = Debug|Any CPU
		{B97CC5D5-12AF-451C-8EBD-CD7F04CF19FD}.Debug|ARM64.Build.0 = Debug|Any CPU
		{B97CC5D5-12AF-451C-8EBD-CD7F04CF19FD}.Debug|ARM64.Deploy.0 = Debug|Any CPU
		{B97CC5D5-12AF-451C-8EBD-CD7F04CF19FD}.Debug|x64.ActiveCfg = Debug|Any CPU
		{B97CC5D5-12AF-451C-8EBD-CD7F04CF19FD}.Debug|x64.Build.0 = Debug|Any CPU
		{B97CC5D5-12AF-451C-8EBD-CD7F04CF19FD}.Debug|x64.Deploy.0 = Debug|Any CPU
		{B97CC5D5-12AF-451C-8EBD-CD7F04CF19FD}.Debug|x86.ActiveCfg = Debug|Any CPU
		{B97CC5D5-12AF-451C-8EBD-CD7F04CF19FD}.Debug|x86.Build.0 = Debug|Any CPU
		{B97CC5D5-12AF-451C-8EBD-CD7F04CF19FD}.Debug|x86.Deploy.0 = Debug|Any CPU
		{B97CC5D5-12AF-451C-8EBD-CD7F04CF19FD}.Release|Any CPU.ActiveCfg = Release|Any CPU
		{B97CC5D5-12AF-451C-8EBD-CD7F04CF19FD}.Release|Any CPU.Build.0 = Release|Any CPU
		{B97CC5D5-12AF-451C-8EBD-CD7F04CF19FD}.Release|Any CPU.Deploy.0 = Release|Any CPU
		{B97CC5D5-12AF-451C-8EBD-CD7F04CF19FD}.Release|ARM.ActiveCfg = Release|Any CPU
		{B97CC5D5-12AF-451C-8EBD-CD7F04CF19FD}.Release|ARM.Build.0 = Release|Any CPU
		{B97CC5D5-12AF-451C-8EBD-CD7F04CF19FD}.Release|ARM.Deploy.0 = Release|Any CPU
		{B97CC5D5-12AF-451C-8EBD-CD7F04CF19FD}.Release|ARM64.ActiveCfg = Release|Any CPU
		{B97CC5D5-12AF-451C-8EBD-CD7F04CF19FD}.Release|ARM64.Build.0 = Release|Any CPU
		{B97CC5D5-12AF-451C-8EBD-CD7F04CF19FD}.Release|ARM64.Deploy.0 = Release|Any CPU
		{B97CC5D5-12AF-451C-8EBD-CD7F04CF19FD}.Release|x64.ActiveCfg = Release|Any CPU
		{B97CC5D5-12AF-451C-8EBD-CD7F04CF19FD}.Release|x64.Build.0 = Release|Any CPU
		{B97CC5D5-12AF-451C-8EBD-CD7F04CF19FD}.Release|x64.Deploy.0 = Release|Any CPU
		{B97CC5D5-12AF-451C-8EBD-CD7F04CF19FD}.Release|x86.ActiveCfg = Release|Any CPU
		{B97CC5D5-12AF-451C-8EBD-CD7F04CF19FD}.Release|x86.Build.0 = Release|Any CPU
		{B97CC5D5-12AF-451C-8EBD-CD7F04CF19FD}.Release|x86.Deploy.0 = Release|Any CPU
		{F92153BF-AD3E-4E11-AEB1-37A22C836762}.Debug|Any CPU.ActiveCfg = Debug|Any CPU
		{F92153BF-AD3E-4E11-AEB1-37A22C836762}.Debug|Any CPU.Build.0 = Debug|Any CPU
		{F92153BF-AD3E-4E11-AEB1-37A22C836762}.Debug|Any CPU.Deploy.0 = Debug|Any CPU
		{F92153BF-AD3E-4E11-AEB1-37A22C836762}.Debug|ARM.ActiveCfg = Debug|Any CPU
		{F92153BF-AD3E-4E11-AEB1-37A22C836762}.Debug|ARM.Build.0 = Debug|Any CPU
		{F92153BF-AD3E-4E11-AEB1-37A22C836762}.Debug|ARM64.ActiveCfg = Debug|Any CPU
		{F92153BF-AD3E-4E11-AEB1-37A22C836762}.Debug|ARM64.Build.0 = Debug|Any CPU
		{F92153BF-AD3E-4E11-AEB1-37A22C836762}.Debug|x64.ActiveCfg = Debug|Any CPU
		{F92153BF-AD3E-4E11-AEB1-37A22C836762}.Debug|x64.Build.0 = Debug|Any CPU
		{F92153BF-AD3E-4E11-AEB1-37A22C836762}.Debug|x86.ActiveCfg = Debug|Any CPU
		{F92153BF-AD3E-4E11-AEB1-37A22C836762}.Debug|x86.Build.0 = Debug|Any CPU
		{F92153BF-AD3E-4E11-AEB1-37A22C836762}.Release|Any CPU.ActiveCfg = Release|Any CPU
		{F92153BF-AD3E-4E11-AEB1-37A22C836762}.Release|Any CPU.Build.0 = Release|Any CPU
		{F92153BF-AD3E-4E11-AEB1-37A22C836762}.Release|Any CPU.Deploy.0 = Release|Any CPU
		{F92153BF-AD3E-4E11-AEB1-37A22C836762}.Release|ARM.ActiveCfg = Release|Any CPU
		{F92153BF-AD3E-4E11-AEB1-37A22C836762}.Release|ARM.Build.0 = Release|Any CPU
		{F92153BF-AD3E-4E11-AEB1-37A22C836762}.Release|ARM64.ActiveCfg = Release|Any CPU
		{F92153BF-AD3E-4E11-AEB1-37A22C836762}.Release|ARM64.Build.0 = Release|Any CPU
		{F92153BF-AD3E-4E11-AEB1-37A22C836762}.Release|x64.ActiveCfg = Release|Any CPU
		{F92153BF-AD3E-4E11-AEB1-37A22C836762}.Release|x64.Build.0 = Release|Any CPU
		{F92153BF-AD3E-4E11-AEB1-37A22C836762}.Release|x86.ActiveCfg = Release|Any CPU
		{F92153BF-AD3E-4E11-AEB1-37A22C836762}.Release|x86.Build.0 = Release|Any CPU
		{F7F0D1A1-6B62-423C-967D-08300BD299EF}.Debug|Any CPU.ActiveCfg = Debug|x86
		{F7F0D1A1-6B62-423C-967D-08300BD299EF}.Debug|Any CPU.Build.0 = Debug|x86
		{F7F0D1A1-6B62-423C-967D-08300BD299EF}.Debug|Any CPU.Deploy.0 = Debug|x86
		{F7F0D1A1-6B62-423C-967D-08300BD299EF}.Debug|ARM.ActiveCfg = Debug|ARM
		{F7F0D1A1-6B62-423C-967D-08300BD299EF}.Debug|ARM.Build.0 = Debug|ARM
		{F7F0D1A1-6B62-423C-967D-08300BD299EF}.Debug|ARM.Deploy.0 = Debug|ARM
		{F7F0D1A1-6B62-423C-967D-08300BD299EF}.Debug|ARM64.ActiveCfg = Debug|ARM64
		{F7F0D1A1-6B62-423C-967D-08300BD299EF}.Debug|ARM64.Build.0 = Debug|ARM64
		{F7F0D1A1-6B62-423C-967D-08300BD299EF}.Debug|ARM64.Deploy.0 = Debug|ARM64
		{F7F0D1A1-6B62-423C-967D-08300BD299EF}.Debug|x64.ActiveCfg = Debug|x64
		{F7F0D1A1-6B62-423C-967D-08300BD299EF}.Debug|x64.Build.0 = Debug|x64
		{F7F0D1A1-6B62-423C-967D-08300BD299EF}.Debug|x64.Deploy.0 = Debug|x64
		{F7F0D1A1-6B62-423C-967D-08300BD299EF}.Debug|x86.ActiveCfg = Debug|x86
		{F7F0D1A1-6B62-423C-967D-08300BD299EF}.Debug|x86.Build.0 = Debug|x86
		{F7F0D1A1-6B62-423C-967D-08300BD299EF}.Debug|x86.Deploy.0 = Debug|x86
		{F7F0D1A1-6B62-423C-967D-08300BD299EF}.Release|Any CPU.ActiveCfg = Release|x86
		{F7F0D1A1-6B62-423C-967D-08300BD299EF}.Release|ARM.ActiveCfg = Release|ARM
		{F7F0D1A1-6B62-423C-967D-08300BD299EF}.Release|ARM.Build.0 = Release|ARM
		{F7F0D1A1-6B62-423C-967D-08300BD299EF}.Release|ARM.Deploy.0 = Release|ARM
		{F7F0D1A1-6B62-423C-967D-08300BD299EF}.Release|ARM64.ActiveCfg = Release|ARM64
		{F7F0D1A1-6B62-423C-967D-08300BD299EF}.Release|ARM64.Build.0 = Release|ARM64
		{F7F0D1A1-6B62-423C-967D-08300BD299EF}.Release|ARM64.Deploy.0 = Release|ARM64
		{F7F0D1A1-6B62-423C-967D-08300BD299EF}.Release|x64.ActiveCfg = Release|x64
		{F7F0D1A1-6B62-423C-967D-08300BD299EF}.Release|x64.Build.0 = Release|x64
		{F7F0D1A1-6B62-423C-967D-08300BD299EF}.Release|x64.Deploy.0 = Release|x64
		{F7F0D1A1-6B62-423C-967D-08300BD299EF}.Release|x86.ActiveCfg = Release|x86
		{F7F0D1A1-6B62-423C-967D-08300BD299EF}.Release|x86.Build.0 = Release|x86
		{F7F0D1A1-6B62-423C-967D-08300BD299EF}.Release|x86.Deploy.0 = Release|x86
	EndGlobalSection
	GlobalSection(SolutionProperties) = preSolution
		HideSolutionNode = FALSE
	EndGlobalSection
	GlobalSection(ExtensibilityGlobals) = postSolution
		SolutionGuid = {7C45F46E-2331-4DC3-9A51-F3E8A95E154E}
	EndGlobalSection
EndGlobal
